{
  "name": "vuepress",
  "version": "1.0.0",
  "lockfileVersion": 1,
  "requires": true,
  "dependencies": {
    "@babel/runtime": {
      "version": "7.8.4",
      "resolved": "https://registry.npm.taobao.org/@babel/runtime/download/@babel/runtime-7.8.4.tgz",
      "integrity": "sha1-159aIED3yqJNU+VjqtScvAVYEwg=",
      "requires": {
        "regenerator-runtime": "^0.13.2"
      }
    },
    "@vant/icons": {
      "version": "1.2.1",
      "resolved": "https://registry.npm.taobao.org/@vant/icons/download/@vant/icons-1.2.1.tgz?cache=0&sync_timestamp=1579418989775&other_urls=https%3A%2F%2Fregistry.npm.taobao.org%2F%40vant%2Ficons%2Fdownload%2F%40vant%2Ficons-1.2.1.tgz",
      "integrity": "sha1-MJ/suXpJiYZvBFzmdrVFxFRwHI8="
    },
    "@vue/babel-helper-vue-jsx-merge-props": {
      "version": "1.0.0",
      "resolved": "https://registry.npm.taobao.org/@vue/babel-helper-vue-jsx-merge-props/download/@vue/babel-helper-vue-jsx-merge-props-1.0.0.tgz",
      "integrity": "sha1-BI/leZWNpAj7eosqPsBQtQpmEEA="
    },
    "async-validator": {
      "version": "1.12.2",
      "resolved": "https://registry.npm.taobao.org/async-validator/download/async-validator-1.12.2.tgz?cache=0&sync_timestamp=1575620590760&other_urls=https%3A%2F%2Fregistry.npm.taobao.org%2Fasync-validator%2Fdownload%2Fasync-validator-1.12.2.tgz",
      "integrity": "sha1-vq5nHnF00pOLe0tp0vt+cit/1yw="
    },
    "batch-processor": {
      "version": "1.0.0",
      "resolved": "https://registry.npm.taobao.org/batch-processor/download/batch-processor-1.0.0.tgz",
      "integrity": "sha1-dclcMrdI4IUNEMKxaPa9vpiRrOg="
    },
    "deepmerge": {
      "version": "2.2.1",
      "resolved": "https://registry.npm.taobao.org/deepmerge/download/deepmerge-2.2.1.tgz",
      "integrity": "sha1-XT/yKgHAD2RUBaL7wX0HeKGAEXA="
    },
    "element-resize-detector": {
      "version": "1.2.1",
      "resolved": "https://registry.npm.taobao.org/element-resize-detector/download/element-resize-detector-1.2.1.tgz?cache=0&sync_timestamp=1579091145076&other_urls=https%3A%2F%2Fregistry.npm.taobao.org%2Felement-resize-detector%2Fdownload%2Felement-resize-detector-1.2.1.tgz",
      "integrity": "sha1-sDBRlER6SGMVXljxMyOgrvMIUdE=",
      "requires": {
        "batch-processor": "1.0.0"
      }
    },
    "js-calendar": {
      "version": "1.2.3",
      "resolved": "https://registry.npm.taobao.org/js-calendar/download/js-calendar-1.2.3.tgz",
      "integrity": "sha1-pYOwZEtOaVujlPNE0QPbzHp6fT4="
    },
    "lodash.throttle": {
      "version": "4.1.1",
      "resolved": "https://registry.npm.taobao.org/lodash.throttle/download/lodash.throttle-4.1.1.tgz",
      "integrity": "sha1-wj6RtxAkKscMN/HhzaknTMOb8vQ="
    },
    "popper.js": {
      "version": "1.16.1",
      "resolved": "https://registry.npm.taobao.org/popper.js/download/popper.js-1.16.1.tgz",
      "integrity": "sha1-KiI8s9x7YhPXQOQDcr5A3kPmWxs="
    },
    "regenerator-runtime": {
      "version": "0.13.3",
      "resolved": "https://registry.npm.taobao.org/regenerator-runtime/download/regenerator-runtime-0.13.3.tgz",
      "integrity": "sha1-fPanfY9cb2Drc8X8GVWyzrAea/U="
    },
    "tinycolor2": {
      "version": "1.4.1",
      "resolved": "https://registry.npm.taobao.org/tinycolor2/download/tinycolor2-1.4.1.tgz",
      "integrity": "sha1-9PrTM0R7wLB9TcjpIJ2POaisd+g="
    },
    "v-click-outside-x": {
      "version": "3.7.1",
      "resolved": "https://registry.npm.taobao.org/v-click-outside-x/download/v-click-outside-x-3.7.1.tgz",
      "integrity": "sha1-qgPqoOQeRMtSB9z4bC2fDdZAhME="
    },
    "vant": {
      "version": "2.5.1",
      "resolved": "https://registry.npm.taobao.org/vant/download/vant-2.5.1.tgz?cache=0&sync_timestamp=1581991951481&other_urls=https%3A%2F%2Fregistry.npm.taobao.org%2Fvant%2Fdownload%2Fvant-2.5.1.tgz",
      "integrity": "sha1-mphD/mGUIwrkzOEgQqL3RDGI7vc=",
      "requires": {
        "@babel/runtime": "7.x",
        "@vant/icons": "1.2.1",
        "@vue/babel-helper-vue-jsx-merge-props": "^1.0.0",
        "vue-lazyload": "1.2.3"
      }
    },
    "view-design": {
      "version": "4.1.2",
      "resolved": "https://registry.npm.taobao.org/view-design/download/view-design-4.1.2.tgz",
      "integrity": "sha1-Yejy0O4t8szyQ0C3GxX6TsbgiKs=",
      "requires": {
        "async-validator": "^1.10.0",
        "deepmerge": "^2.2.1",
        "element-resize-detector": "^1.2.0",
        "js-calendar": "^1.2.3",
        "lodash.throttle": "^4.1.1",
        "popper.js": "^1.14.6",
        "tinycolor2": "^1.4.1",
        "v-click-outside-x": "^3.7.1"
      }
    },
    "vue-lazyload": {
      "version": "1.2.3",
      "resolved": "https://registry.npm.taobao.org/vue-lazyload/download/vue-lazyload-1.2.3.tgz",
      "integrity": "sha1-kB+ewVx+bKeHgaK65KNDaGve2yw="
    }
  }
}
