{
  "name": "vuepress",
  "version": "1.0.0",
  "lockfileVersion": 1,
  "requires": true,
  "dependencies": {
    "@babel/runtime": {
      "version": "7.8.4",
      "resolved": "https://registry.npm.taobao.org/@babel/runtime/download/@babel/runtime-7.8.4.tgz",
      "integrity": "sha1-159aIED3yqJNU+VjqtScvAVYEwg=",
      "requires": {
        "regenerator-runtime": "^0.13.2"
      }
    },
    "@types/json-schema": {
      "version": "7.0.5",
      "resolved": "http://192.168.1.181:4873/@types%2fjson-schema/-/json-schema-7.0.5.tgz",
      "integrity": "sha1-3M5EMOZLRDuolF8CkPtWStW6xt0=",
      "dev": true
    },
    "@vant/icons": {
      "version": "1.2.1",
      "resolved": "https://registry.npm.taobao.org/@vant/icons/download/@vant/icons-1.2.1.tgz?cache=0&sync_timestamp=1579418989775&other_urls=https%3A%2F%2Fregistry.npm.taobao.org%2F%40vant%2Ficons%2Fdownload%2F%40vant%2Ficons-1.2.1.tgz",
      "integrity": "sha1-MJ/suXpJiYZvBFzmdrVFxFRwHI8="
    },
    "@vue/babel-helper-vue-jsx-merge-props": {
      "version": "1.0.0",
      "resolved": "https://registry.npm.taobao.org/@vue/babel-helper-vue-jsx-merge-props/download/@vue/babel-helper-vue-jsx-merge-props-1.0.0.tgz",
      "integrity": "sha1-BI/leZWNpAj7eosqPsBQtQpmEEA="
    },
    "ajv": {
      "version": "6.12.4",
      "resolved": "http://192.168.1.181:4873/ajv/-/ajv-6.12.4.tgz",
      "integrity": "sha1-BhT6zEUiEn+nE0Rca/0+vTduIjQ=",
      "dev": true,
      "requires": {
        "fast-deep-equal": "^3.1.1",
        "fast-json-stable-stringify": "^2.0.0",
        "json-schema-traverse": "^0.4.1",
        "uri-js": "^4.2.2"
      }
    },
    "ajv-keywords": {
      "version": "3.5.2",
      "resolved": "http://192.168.1.181:4873/ajv-keywords/-/ajv-keywords-3.5.2.tgz",
      "integrity": "sha1-MfKdpatuANHC0yms97WSlhTVAU0=",
      "dev": true
    },
    "async-validator": {
      "version": "1.12.2",
      "resolved": "https://registry.npm.taobao.org/async-validator/download/async-validator-1.12.2.tgz?cache=0&sync_timestamp=1575620590760&other_urls=https%3A%2F%2Fregistry.npm.taobao.org%2Fasync-validator%2Fdownload%2Fasync-validator-1.12.2.tgz",
      "integrity": "sha1-vq5nHnF00pOLe0tp0vt+cit/1yw="
    },
    "babel-helper-vue-jsx-merge-props": {
      "version": "2.0.3",
      "resolved": "https://registry.npmjs.org/babel-helper-vue-jsx-merge-props/-/babel-helper-vue-jsx-merge-props-2.0.3.tgz",
      "integrity": "sha512-gsLiKK7Qrb7zYJNgiXKpXblxbV5ffSwR0f5whkPAaBAR4fhi6bwRZxX9wBlIc5M/v8CCkXUbXZL4N/nSE97cqg=="
    },
    "babel-runtime": {
      "version": "6.26.0",
      "resolved": "https://registry.npmjs.org/babel-runtime/-/babel-runtime-6.26.0.tgz",
      "integrity": "sha1-llxwWGaOgrVde/4E/yM3vItWR/4=",
      "requires": {
        "core-js": "^2.4.0",
        "regenerator-runtime": "^0.11.0"
      },
      "dependencies": {
        "regenerator-runtime": {
          "version": "0.11.1",
          "resolved": "https://registry.npmjs.org/regenerator-runtime/-/regenerator-runtime-0.11.1.tgz",
          "integrity": "sha512-MguG95oij0fC3QV3URf4V2SDYGJhJnJGqvIIgdECeODCT98wSWDAJ94SSuVpYQUoTcGUIL6L4yNB7j1DFFHSBg=="
        }
      }
    },
    "batch-processor": {
      "version": "1.0.0",
      "resolved": "https://registry.npm.taobao.org/batch-processor/download/batch-processor-1.0.0.tgz",
      "integrity": "sha1-dclcMrdI4IUNEMKxaPa9vpiRrOg="
    },
    "big.js": {
      "version": "5.2.2",
      "resolved": "http://192.168.1.181:4873/big.js/-/big.js-5.2.2.tgz",
      "integrity": "sha1-ZfCvOC9Xi83HQr2cKB6cstd2gyg=",
      "dev": true
    },
    "clone": {
      "version": "2.1.2",
      "resolved": "http://192.168.1.181:4873/clone/-/clone-2.1.2.tgz",
      "integrity": "sha1-G39Ln1kfHo+DZwQBYANFoCiHQ18=",
      "dev": true
    },
    "core-js": {
      "version": "2.6.12",
      "resolved": "https://registry.npmjs.org/core-js/-/core-js-2.6.12.tgz",
      "integrity": "sha512-Kb2wC0fvsWfQrgk8HU5lW6U/Lcs8+9aaYcy4ZFc6DDlo4nZ7n70dEgE5rtR0oG6ufKDUnrwfWL1mXR5ljDatrQ=="
    },
    "deepmerge": {
      "version": "2.2.1",
      "resolved": "https://registry.npm.taobao.org/deepmerge/download/deepmerge-2.2.1.tgz",
      "integrity": "sha1-XT/yKgHAD2RUBaL7wX0HeKGAEXA="
    },
    "element-resize-detector": {
      "version": "1.2.1",
      "resolved": "https://registry.npm.taobao.org/element-resize-detector/download/element-resize-detector-1.2.1.tgz?cache=0&sync_timestamp=1579091145076&other_urls=https%3A%2F%2Fregistry.npm.taobao.org%2Felement-resize-detector%2Fdownload%2Felement-resize-detector-1.2.1.tgz",
      "integrity": "sha1-sDBRlER6SGMVXljxMyOgrvMIUdE=",
      "requires": {
        "batch-processor": "1.0.0"
      }
    },
    "element-ui": {
      "version": "2.15.2",
      "resolved": "https://registry.npmjs.org/element-ui/-/element-ui-2.15.2.tgz",
      "integrity": "sha512-S66VvOt1AR698uzxAnJeajnIPI1eIzlkKXHx2F2v94PAs/8JuyRcLOUGy100mJHIIaSkRlxVOtI+As2XTB8Oew==",
      "requires": {
        "async-validator": "~1.8.1",
        "babel-helper-vue-jsx-merge-props": "^2.0.0",
        "deepmerge": "^1.2.0",
        "normalize-wheel": "^1.0.1",
        "resize-observer-polyfill": "^1.5.0",
        "throttle-debounce": "^1.0.1"
      },
      "dependencies": {
        "async-validator": {
          "version": "1.8.5",
          "resolved": "https://registry.npmjs.org/async-validator/-/async-validator-1.8.5.tgz",
          "integrity": "sha512-tXBM+1m056MAX0E8TL2iCjg8WvSyXu0Zc8LNtYqrVeyoL3+esHRZ4SieE9fKQyyU09uONjnMEjrNBMqT0mbvmA==",
          "requires": {
            "babel-runtime": "6.x"
          }
        },
        "deepmerge": {
          "version": "1.5.2",
          "resolved": "https://registry.npmjs.org/deepmerge/-/deepmerge-1.5.2.tgz",
          "integrity": "sha512-95k0GDqvBjZavkuvzx/YqVLv/6YYa17fz6ILMSf7neqQITCPbnfEnQvEgMPNjH4kgobe7+WIL0yJEHku+H3qtQ=="
        }
      }
    },
    "emojis-list": {
      "version": "3.0.0",
      "resolved": "http://192.168.1.181:4873/emojis-list/-/emojis-list-3.0.0.tgz",
      "integrity": "sha1-VXBmIEatKeLpFucariYKvf9Pang=",
      "dev": true
    },
    "errno": {
      "version": "0.1.7",
      "resolved": "http://192.168.1.181:4873/errno/-/errno-0.1.7.tgz",
      "integrity": "sha1-RoTXF3mtOa8Xfj8AeZb3xnyFJhg=",
      "dev": true,
      "optional": true,
      "requires": {
        "prr": "~1.0.1"
      }
    },
    "fast-deep-equal": {
      "version": "3.1.3",
      "resolved": "http://192.168.1.181:4873/fast-deep-equal/-/fast-deep-equal-3.1.3.tgz",
      "integrity": "sha1-On1WtVnWy8PrUSMlJE5hmmXGxSU=",
      "dev": true
    },
    "fast-json-stable-stringify": {
      "version": "2.1.0",
      "resolved": "http://192.168.1.181:4873/fast-json-stable-stringify/-/fast-json-stable-stringify-2.1.0.tgz",
      "integrity": "sha1-h0v2nG9ATCtdmcSBNBOZ/VWJJjM=",
      "dev": true
    },
    "graceful-fs": {
      "version": "4.2.4",
      "resolved": "http://192.168.1.181:4873/graceful-fs/-/graceful-fs-4.2.4.tgz",
      "integrity": "sha1-Ila94U02MpWMRl68ltxGfKB6Kfs=",
      "dev": true,
      "optional": true
    },
    "image-size": {
      "version": "0.5.5",
      "resolved": "http://192.168.1.181:4873/image-size/-/image-size-0.5.5.tgz",
      "integrity": "sha1-Cd/Uq50g4p6xw+gLiZA3jfnjy5w=",
      "dev": true,
      "optional": true
    },
    "js-calendar": {
      "version": "1.2.3",
      "resolved": "https://registry.npm.taobao.org/js-calendar/download/js-calendar-1.2.3.tgz",
      "integrity": "sha1-pYOwZEtOaVujlPNE0QPbzHp6fT4="
    },
    "json-schema-traverse": {
      "version": "0.4.1",
      "resolved": "http://192.168.1.181:4873/json-schema-traverse/-/json-schema-traverse-0.4.1.tgz",
      "integrity": "sha1-afaofZUTq4u4/mO9sJecRI5oRmA=",
      "dev": true
    },
    "json5": {
      "version": "2.1.3",
      "resolved": "http://192.168.1.181:4873/json5/-/json5-2.1.3.tgz",
      "integrity": "sha1-ybD3+pIzv+WAf+ZvzzpWF+1ZfUM=",
      "dev": true,
      "requires": {
        "minimist": "^1.2.5"
      }
    },
    "less": {
      "version": "3.12.2",
      "resolved": "http://192.168.1.181:4873/less/-/less-3.12.2.tgz",
      "integrity": "sha1-FX5t0ypohp34hZMUrTjnAhGvOrQ=",
      "dev": true,
      "requires": {
        "errno": "^0.1.1",
        "graceful-fs": "^4.1.2",
        "image-size": "~0.5.0",
        "make-dir": "^2.1.0",
        "mime": "^1.4.1",
        "native-request": "^1.0.5",
        "source-map": "~0.6.0",
        "tslib": "^1.10.0"
      }
    },
    "less-loader": {
      "version": "6.2.0",
      "resolved": "http://192.168.1.181:4873/less-loader/-/less-loader-6.2.0.tgz",
      "integrity": "sha1-iyb2IcFVs0Lu/CT1vW6dxAxCpxk=",
      "dev": true,
      "requires": {
        "clone": "^2.1.2",
        "less": "^3.11.3",
        "loader-utils": "^2.0.0",
        "schema-utils": "^2.7.0"
      }
    },
    "loader-utils": {
      "version": "2.0.0",
      "resolved": "http://192.168.1.181:4873/loader-utils/-/loader-utils-2.0.0.tgz",
      "integrity": "sha1-5MrOW4FtQloWa18JfhDNErNgZLA=",
      "dev": true,
      "requires": {
        "big.js": "^5.2.2",
        "emojis-list": "^3.0.0",
        "json5": "^2.1.2"
      }
    },
    "lodash.throttle": {
      "version": "4.1.1",
      "resolved": "https://registry.npm.taobao.org/lodash.throttle/download/lodash.throttle-4.1.1.tgz",
      "integrity": "sha1-wj6RtxAkKscMN/HhzaknTMOb8vQ="
    },
    "make-dir": {
      "version": "2.1.0",
      "resolved": "http://192.168.1.181:4873/make-dir/-/make-dir-2.1.0.tgz",
      "integrity": "sha1-XwMQ4YuL6JjMBwCSlaMK5B6R5vU=",
      "dev": true,
      "optional": true,
      "requires": {
        "pify": "^4.0.1",
        "semver": "^5.6.0"
      }
    },
    "mime": {
      "version": "1.6.0",
      "resolved": "http://192.168.1.181:4873/mime/-/mime-1.6.0.tgz",
      "integrity": "sha1-Ms2eXGRVO9WNGaVor0Uqz/BJgbE=",
      "dev": true,
      "optional": true
    },
    "minimist": {
      "version": "1.2.5",
      "resolved": "http://192.168.1.181:4873/minimist/-/minimist-1.2.5.tgz",
      "integrity": "sha1-Z9ZgFLZqaoqqDAg8X9WN9OTpdgI=",
      "dev": true
    },
    "native-request": {
      "version": "1.0.7",
      "resolved": "http://192.168.1.181:4873/native-request/-/native-request-1.0.7.tgz",
      "integrity": "sha1-/3QtxVW0yPLxwUtUhjm6F05XOFY=",
      "dev": true,
      "optional": true
    },
    "normalize-wheel": {
      "version": "1.0.1",
      "resolved": "https://registry.npmjs.org/normalize-wheel/-/normalize-wheel-1.0.1.tgz",
      "integrity": "sha1-rsiGr/2wRQcNhWRH32Ls+GFG7EU="
    },
    "pify": {
      "version": "4.0.1",
      "resolved": "http://192.168.1.181:4873/pify/-/pify-4.0.1.tgz",
      "integrity": "sha1-SyzSXFDVmHNcUCkiJP2MbfQeMjE=",
      "dev": true,
      "optional": true
    },
    "popper.js": {
      "version": "1.16.1",
      "resolved": "https://registry.npm.taobao.org/popper.js/download/popper.js-1.16.1.tgz",
      "integrity": "sha1-KiI8s9x7YhPXQOQDcr5A3kPmWxs="
    },
    "prr": {
      "version": "1.0.1",
      "resolved": "http://192.168.1.181:4873/prr/-/prr-1.0.1.tgz",
      "integrity": "sha1-0/wRS6BplaRexok/SEzrHXj19HY=",
      "dev": true,
      "optional": true
    },
    "punycode": {
      "version": "2.1.1",
      "resolved": "http://192.168.1.181:4873/punycode/-/punycode-2.1.1.tgz",
      "integrity": "sha1-tYsBCsQMIsVldhbI0sLALHv0eew=",
      "dev": true
    },
    "regenerator-runtime": {
      "version": "0.13.3",
      "resolved": "https://registry.npm.taobao.org/regenerator-runtime/download/regenerator-runtime-0.13.3.tgz",
      "integrity": "sha1-fPanfY9cb2Drc8X8GVWyzrAea/U="
    },
    "resize-observer-polyfill": {
      "version": "1.5.1",
      "resolved": "https://registry.npmjs.org/resize-observer-polyfill/-/resize-observer-polyfill-1.5.1.tgz",
      "integrity": "sha512-LwZrotdHOo12nQuZlHEmtuXdqGoOD0OhaxopaNFxWzInpEgaLWoVuAMbTzixuosCx2nEG58ngzW3vxdWoxIgdg=="
    },
    "schema-utils": {
      "version": "2.7.0",
      "resolved": "http://192.168.1.181:4873/schema-utils/-/schema-utils-2.7.0.tgz",
      "integrity": "sha1-FxUfdtjq5n+793lgwzxnatn078c=",
      "dev": true,
      "requires": {
        "@types/json-schema": "^7.0.4",
        "ajv": "^6.12.2",
        "ajv-keywords": "^3.4.1"
      }
    },
    "semver": {
      "version": "5.7.1",
      "resolved": "http://192.168.1.181:4873/semver/-/semver-5.7.1.tgz",
      "integrity": "sha1-qVT5Ma66UI0we78Gnv8MAclhFvc=",
      "dev": true,
      "optional": true
    },
    "source-map": {
      "version": "0.6.1",
      "resolved": "http://192.168.1.181:4873/source-map/-/source-map-0.6.1.tgz",
      "integrity": "sha1-dHIq8y6WFOnCh6jQu95IteLxomM=",
      "dev": true,
      "optional": true
    },
    "throttle-debounce": {
      "version": "1.1.0",
      "resolved": "https://registry.npmjs.org/throttle-debounce/-/throttle-debounce-1.1.0.tgz",
      "integrity": "sha512-XH8UiPCQcWNuk2LYePibW/4qL97+ZQ1AN3FNXwZRBNPPowo/NRU5fAlDCSNBJIYCKbioZfuYtMhG4quqoJhVzg=="
    },
    "tinycolor2": {
      "version": "1.4.1",
      "resolved": "https://registry.npm.taobao.org/tinycolor2/download/tinycolor2-1.4.1.tgz",
      "integrity": "sha1-9PrTM0R7wLB9TcjpIJ2POaisd+g="
    },
    "tslib": {
      "version": "1.13.0",
      "resolved": "http://192.168.1.181:4873/tslib/-/tslib-1.13.0.tgz",
      "integrity": "sha1-yIHhPMcBWJTtkUhi0nZDb6mkcEM=",
      "dev": true
    },
    "uri-js": {
      "version": "4.2.2",
      "resolved": "http://192.168.1.181:4873/uri-js/-/uri-js-4.2.2.tgz",
      "integrity": "sha1-lMVA4f93KVbiKZUHwBCupsiDjrA=",
      "dev": true,
      "requires": {
        "punycode": "^2.1.0"
      }
    },
    "v-click-outside-x": {
      "version": "3.7.1",
      "resolved": "https://registry.npm.taobao.org/v-click-outside-x/download/v-click-outside-x-3.7.1.tgz",
      "integrity": "sha1-qgPqoOQeRMtSB9z4bC2fDdZAhME="
    },
    "v-dialogs": {
      "version": "2.1.4",
      "resolved": "http://192.168.1.181:4873/v-dialogs/-/v-dialogs-2.1.4.tgz",
      "integrity": "sha1-kiJedQvho/9t/cbbQ9QDmZsWMAQ=",
      "dev": true
    },
    "vant": {
      "version": "2.5.1",
      "resolved": "https://registry.npm.taobao.org/vant/download/vant-2.5.1.tgz?cache=0&sync_timestamp=1581991951481&other_urls=https%3A%2F%2Fregistry.npm.taobao.org%2Fvant%2Fdownload%2Fvant-2.5.1.tgz",
      "integrity": "sha1-mphD/mGUIwrkzOEgQqL3RDGI7vc=",
      "requires": {
        "@babel/runtime": "7.x",
        "@vant/icons": "1.2.1",
        "@vue/babel-helper-vue-jsx-merge-props": "^1.0.0",
        "vue-lazyload": "1.2.3"
      }
    },
    "view-design": {
      "version": "4.1.2",
      "resolved": "https://registry.npm.taobao.org/view-design/download/view-design-4.1.2.tgz",
      "integrity": "sha1-Yejy0O4t8szyQ0C3GxX6TsbgiKs=",
      "requires": {
        "async-validator": "^1.10.0",
        "deepmerge": "^2.2.1",
        "element-resize-detector": "^1.2.0",
        "js-calendar": "^1.2.3",
        "lodash.throttle": "^4.1.1",
        "popper.js": "^1.14.6",
        "tinycolor2": "^1.4.1",
        "v-click-outside-x": "^3.7.1"
      }
    },
    "vue-lazyload": {
      "version": "1.2.3",
      "resolved": "https://registry.npm.taobao.org/vue-lazyload/download/vue-lazyload-1.2.3.tgz",
      "integrity": "sha1-kB+ewVx+bKeHgaK65KNDaGve2yw="
    }
  }
}
